
Microsoft Visual Studio Solution File, Format Version 12.00
# Visual Studio Version 17
VisualStudioVersion = 17.5.33424.131
MinimumVisualStudioVersion = 10.0.40219.1
Project("{9A19103F-16F7-4668-BE54-9A1E7A4F7556}") = "PasswordManagerBlazor.Server", "PasswordManagerBlazor\Server\PasswordManagerBlazor.Server.csproj", "{30AE8463-1CD9-4FA1-9305-D3ECA0B8F536}"
EndProject
Project("{9A19103F-16F7-4668-BE54-9A1E7A4F7556}") = "PasswordManagerBlazor.Client", "PasswordManagerBlazor\Client\PasswordManagerBlazor.Client.csproj", "{AF8FE912-00AE-4E22-8527-F344F348F310}"
EndProject
Project("{9A19103F-16F7-4668-BE54-9A1E7A4F7556}") = "PasswordManagerBlazor.Shared", "PasswordManagerBlazor\Shared\PasswordManagerBlazor.Shared.csproj", "{B1D11F81-5D05-4597-ABAC-3E9EE01E9CE3}"
EndProject
Project("{9A19103F-16F7-4668-BE54-9A1E7A4F7556}") = "TestProject1", "TestProject1\TestProject1.csproj", "{1C43510B-BEFD-4508-9CA8-788783F35E8C}"
EndProject
Global
	GlobalSection(SolutionConfigurationPlatforms) = preSolution
		Debug|Any CPU = Debug|Any CPU
		Release|Any CPU = Release|Any CPU
	EndGlobalSection
	GlobalSection(ProjectConfigurationPlatforms) = postSolution
		{30AE8463-1CD9-4FA1-9305-D3ECA0B8F536}.Debug|Any CPU.ActiveCfg = Debug|Any CPU
		{30AE8463-1CD9-4FA1-9305-D3ECA0B8F536}.Debug|Any CPU.Build.0 = Debug|Any CPU
		{30AE8463-1CD9-4FA1-9305-D3ECA0B8F536}.Release|Any CPU.ActiveCfg = Release|Any CPU
		{30AE8463-1CD9-4FA1-9305-D3ECA0B8F536}.Release|Any CPU.Build.0 = Release|Any CPU
		{AF8FE912-00AE-4E22-8527-F344F348F310}.Debug|Any CPU.ActiveCfg = Debug|Any CPU
		{AF8FE912-00AE-4E22-8527-F344F348F310}.Debug|Any CPU.Build.0 = Debug|Any CPU
		{AF8FE912-00AE-4E22-8527-F344F348F310}.Release|Any CPU.ActiveCfg = Release|Any CPU
		{AF8FE912-00AE-4E22-8527-F344F348F310}.Release|Any CPU.Build.0 = Release|Any CPU
		{B1D11F81-5D05-4597-ABAC-3E9EE01E9CE3}.Debug|Any CPU.ActiveCfg = Debug|Any CPU
		{B1D11F81-5D05-4597-ABAC-3E9EE01E9CE3}.Debug|Any CPU.Build.0 = Debug|Any CPU
		{B1D11F81-5D05-4597-ABAC-3E9EE01E9CE3}.Release|Any CPU.ActiveCfg = Release|Any CPU
		{B1D11F81-5D05-4597-ABAC-3E9EE01E9CE3}.Release|Any CPU.Build.0 = Release|Any CPU
		{1C43510B-BEFD-4508-9CA8-788783F35E8C}.Debug|Any CPU.ActiveCfg = Debug|Any CPU
		{1C43510B-BEFD-4508-9CA8-788783F35E8C}.Debug|Any CPU.Build.0 = Debug|Any CPU
		{1C43510B-BEFD-4508-9CA8-788783F35E8C}.Release|Any CPU.ActiveCfg = Release|Any CPU
		{1C43510B-BEFD-4508-9CA8-788783F35E8C}.Release|Any CPU.Build.0 = Release|Any CPU
	EndGlobalSection
	GlobalSection(SolutionProperties) = preSolution
		HideSolutionNode = FALSE
	EndGlobalSection
	GlobalSection(ExtensibilityGlobals) = postSolution
		SolutionGuid = {AF79546A-1A97-4B2F-9D67-DBFA0FE5FC45}
	EndGlobalSection
EndGlobal
